
Microsoft Visual Studio Solution File, Format Version 12.00
# Visual Studio Version 17
VisualStudioVersion = 17.12.35527.113 d17.12
MinimumVisualStudioVersion = 10.0.40219.1
Project("{FAE04EC0-301F-11D3-BF4B-00C04F79EFBC}") = "SchoolVaccinationPortalApi", "SchoolVaccinationPortalApi\SchoolVaccinationPortalApi.csproj", "{426DEBC6-A54B-478F-A4EC-758C578D3624}"
EndProject
Project("{FAE04EC0-301F-11D3-BF4B-00C04F79EFBC}") = "DataSource", "DataSource\DataSource.csproj", "{ACABD190-997E-4CC7-ACD8-3F351E855E1C}"
EndProject
Project("{FAE04EC0-301F-11D3-BF4B-00C04F79EFBC}") = "DTO", "DTO\DTO.csproj", "{6D11E568-72D6-4549-A07E-E15C6DE3A4A7}"
EndProject
Project("{FAE04EC0-301F-11D3-BF4B-00C04F79EFBC}") = "SqlHelper", "SqlHelper\SqlHelper.csproj", "{3EF1CD41-CA83-4C8E-969E-463C7C1D78BA}"
EndProject
Global
	GlobalSection(SolutionConfigurationPlatforms) = preSolution
		Debug|Any CPU = Debug|Any CPU
		Release|Any CPU = Release|Any CPU
	EndGlobalSection
	GlobalSection(ProjectConfigurationPlatforms) = postSolution
		{426DEBC6-A54B-478F-A4EC-758C578D3624}.Debug|Any CPU.ActiveCfg = Debug|Any CPU
		{426DEBC6-A54B-478F-A4EC-758C578D3624}.Debug|Any CPU.Build.0 = Debug|Any CPU
		{426DEBC6-A54B-478F-A4EC-758C578D3624}.Release|Any CPU.ActiveCfg = Release|Any CPU
		{426DEBC6-A54B-478F-A4EC-758C578D3624}.Release|Any CPU.Build.0 = Release|Any CPU
		{ACABD190-997E-4CC7-ACD8-3F351E855E1C}.Debug|Any CPU.ActiveCfg = Debug|Any CPU
		{ACABD190-997E-4CC7-ACD8-3F351E855E1C}.Debug|Any CPU.Build.0 = Debug|Any CPU
		{ACABD190-997E-4CC7-ACD8-3F351E855E1C}.Release|Any CPU.ActiveCfg = Release|Any CPU
		{ACABD190-997E-4CC7-ACD8-3F351E855E1C}.Release|Any CPU.Build.0 = Release|Any CPU
		{6D11E568-72D6-4549-A07E-E15C6DE3A4A7}.Debug|Any CPU.ActiveCfg = Debug|Any CPU
		{6D11E568-72D6-4549-A07E-E15C6DE3A4A7}.Debug|Any CPU.Build.0 = Debug|Any CPU
		{6D11E568-72D6-4549-A07E-E15C6DE3A4A7}.Release|Any CPU.ActiveCfg = Release|Any CPU
		{6D11E568-72D6-4549-A07E-E15C6DE3A4A7}.Release|Any CPU.Build.0 = Release|Any CPU
		{3EF1CD41-CA83-4C8E-969E-463C7C1D78BA}.Debug|Any CPU.ActiveCfg = Debug|Any CPU
		{3EF1CD41-CA83-4C8E-969E-463C7C1D78BA}.Debug|Any CPU.Build.0 = Debug|Any CPU
		{3EF1CD41-CA83-4C8E-969E-463C7C1D78BA}.Release|Any CPU.ActiveCfg = Release|Any CPU
		{3EF1CD41-CA83-4C8E-969E-463C7C1D78BA}.Release|Any CPU.Build.0 = Release|Any CPU
	EndGlobalSection
	GlobalSection(SolutionProperties) = preSolution
		HideSolutionNode = FALSE
	EndGlobalSection
EndGlobal
